# IF THERE'S A GIT CONFLICT IN THIS FILE, DON'T SOLVE IT MANUALLY!
# INSTEAD EXECUTE `prisma lift fix`
# lift lockfile v1
# Read more about conflict resolution here: TODO

20190930120826-test1
20190930120855-test2
20190930120940-test3
20190930121552-test5
20190930121650-test
20190930122650-test2
20190930122704-test84892
20190930122736-arniets
20190930122752-esraiutnm